
Microsoft Visual Studio Solution File, Format Version 12.00
# Visual Studio Version 17
VisualStudioVersion = 17.13.35913.81 d17.13
MinimumVisualStudioVersion = 10.0.40219.1
Project("{FAE04EC0-301F-11D3-BF4B-00C04F79EFBC}") = "BlazorWasm9", "BlazorWasm9\BlazorWasm9.csproj", "{1F24A18F-4006-4DD1-9E0F-3C3AA36B075C}"
EndProject
Global
	GlobalSection(SolutionConfigurationPlatforms) = preSolution
		Debug|Any CPU = Debug|Any CPU
		Release|Any CPU = Release|Any CPU
	EndGlobalSection
	GlobalSection(ProjectConfigurationPlatforms) = postSolution
		{1F24A18F-4006-4DD1-9E0F-3C3AA36B075C}.Debug|Any CPU.ActiveCfg = Debug|Any CPU
		{1F24A18F-4006-4DD1-9E0F-3C3AA36B075C}.Debug|Any CPU.Build.0 = Debug|Any CPU
		{1F24A18F-4006-4DD1-9E0F-3C3AA36B075C}.Release|Any CPU.ActiveCfg = Release|Any CPU
		{1F24A18F-4006-4DD1-9E0F-3C3AA36B075C}.Release|Any CPU.Build.0 = Release|Any CPU
	EndGlobalSection
	GlobalSection(SolutionProperties) = preSolution
		HideSolutionNode = FALSE
	EndGlobalSection
	GlobalSection(ExtensibilityGlobals) = postSolution
		SolutionGuid = {B102EEEF-237A-4F23-8EDA-E0F1014E53BF}
	EndGlobalSection
EndGlobal
